
Microsoft Visual Studio Solution File, Format Version 12.00
# Visual Studio 15
VisualStudioVersion = 15.0.27004.2005
MinimumVisualStudioVersion = 10.0.40219.1
Project("{FAE04EC0-301F-11D3-BF4B-00C04F79EFBC}") = "M2MCloud.Workshops.Azure.IoT.DeviceClient", "M2MCloud.Workshops.Azure.IoT.DeviceClient\M2MCloud.Workshops.Azure.IoT.DeviceClient.csproj", "{84D5CE8B-D2AF-4C4E-9076-EEBD8FC92B3C}"
EndProject
Project("{FAE04EC0-301F-11D3-BF4B-00C04F79EFBC}") = "M2MCloud.Workshops.Azure.Iot.NetCore", "M2MCloud.Workshops.Azure.Iot.NetCore\M2MCloud.Workshops.Azure.Iot.NetCore.csproj", "{680344E2-83FB-4C81-988E-7834B198C3BC}"
EndProject
Global
	GlobalSection(SolutionConfigurationPlatforms) = preSolution
		Debug|Any CPU = Debug|Any CPU
		Release|Any CPU = Release|Any CPU
	EndGlobalSection
	GlobalSection(ProjectConfigurationPlatforms) = postSolution
		{84D5CE8B-D2AF-4C4E-9076-EEBD8FC92B3C}.Debug|Any CPU.ActiveCfg = Debug|Any CPU
		{84D5CE8B-D2AF-4C4E-9076-EEBD8FC92B3C}.Debug|Any CPU.Build.0 = Debug|Any CPU
		{84D5CE8B-D2AF-4C4E-9076-EEBD8FC92B3C}.Release|Any CPU.ActiveCfg = Release|Any CPU
		{84D5CE8B-D2AF-4C4E-9076-EEBD8FC92B3C}.Release|Any CPU.Build.0 = Release|Any CPU
		{680344E2-83FB-4C81-988E-7834B198C3BC}.Debug|Any CPU.ActiveCfg = Debug|Any CPU
		{680344E2-83FB-4C81-988E-7834B198C3BC}.Debug|Any CPU.Build.0 = Debug|Any CPU
		{680344E2-83FB-4C81-988E-7834B198C3BC}.Release|Any CPU.ActiveCfg = Release|Any CPU
		{680344E2-83FB-4C81-988E-7834B198C3BC}.Release|Any CPU.Build.0 = Release|Any CPU
	EndGlobalSection
	GlobalSection(SolutionProperties) = preSolution
		HideSolutionNode = FALSE
	EndGlobalSection
	GlobalSection(ExtensibilityGlobals) = postSolution
		EnterpriseLibraryConfigurationToolBinariesPathV6 = packages\EnterpriseLibrary.TransientFaultHandling.6.0.1304.0\lib\portable-net45+win+wp8
		SolutionGuid = {3695C3F3-2FD8-4FDA-94E1-BB5FE18B60ED}
	EndGlobalSection
EndGlobal
